
Microsoft Visual Studio Solution File, Format Version 12.00
# Visual Studio Version 17
VisualStudioVersion = 17.13.35825.156 d17.13
MinimumVisualStudioVersion = 10.0.40219.1
Project("{FAE04EC0-301F-11D3-BF4B-00C04F79EFBC}") = "ProjetArchi", "ProjetArchi\ProjetArchi.csproj", "{34D2619C-9130-4597-A66E-C2B8905A996D}"
EndProject
Global
	GlobalSection(SolutionConfigurationPlatforms) = preSolution
		Debug|Any CPU = Debug|Any CPU
		Release|Any CPU = Release|Any CPU
	EndGlobalSection
	GlobalSection(ProjectConfigurationPlatforms) = postSolution
		{34D2619C-9130-4597-A66E-C2B8905A996D}.Debug|Any CPU.ActiveCfg = Debug|Any CPU
		{34D2619C-9130-4597-A66E-C2B8905A996D}.Debug|Any CPU.Build.0 = Debug|Any CPU
		{34D2619C-9130-4597-A66E-C2B8905A996D}.Release|Any CPU.ActiveCfg = Release|Any CPU
		{34D2619C-9130-4597-A66E-C2B8905A996D}.Release|Any CPU.Build.0 = Release|Any CPU
	EndGlobalSection
	GlobalSection(SolutionProperties) = preSolution
		HideSolutionNode = FALSE
	EndGlobalSection
	GlobalSection(ExtensibilityGlobals) = postSolution
		SolutionGuid = {61040105-D897-47E0-8E12-29EEE637872C}
	EndGlobalSection
EndGlobal
